
Microsoft Visual Studio Solution File, Format Version 12.00
# Visual Studio Version 16
VisualStudioVersion = 16.0.36631.11
MinimumVisualStudioVersion = 10.0.40219.1
Project("{2150E333-8FDC-42A3-9474-1A3956D46DE8}") = "src", "src", "{02EA681E-C7D8-13C7-8484-4AC65E1B71E8}"
EndProject
Project("{2150E333-8FDC-42A3-9474-1A3956D46DE8}") = "Building Blocks", "Building Blocks", "{1CAA1F20-BC4F-48FB-8744-5E8BF2CFFC04}"
EndProject
Project("{2150E333-8FDC-42A3-9474-1A3956D46DE8}") = "Services", "Services", "{756CF49B-AB9C-47B9-A146-D7C082A287B1}"
EndProject
Project("{2150E333-8FDC-42A3-9474-1A3956D46DE8}") = "Web", "Web", "{5685F795-3085-427C-BA5B-9BDFD52D82FB}"
EndProject
Project("{2150E333-8FDC-42A3-9474-1A3956D46DE8}") = "Core", "Core", "{45F048B4-E121-47A4-B183-A0E5AA00D178}"
EndProject
Project("{2150E333-8FDC-42A3-9474-1A3956D46DE8}") = "Identity", "Identity", "{41105CD0-B6A7-4A5F-AB29-222228FFAD8B}"
EndProject
Project("{2150E333-8FDC-42A3-9474-1A3956D46DE8}") = "Basket", "Basket", "{DE2318F8-6C42-4A92-9907-ED092F60A8B3}"
EndProject
Project("{2150E333-8FDC-42A3-9474-1A3956D46DE8}") = "Order", "Order", "{DE2455A2-ACB6-4795-85DD-9D4C8E3ECEEC}"
EndProject
Project("{2150E333-8FDC-42A3-9474-1A3956D46DE8}") = "Client", "Client", "{6B2D5AEB-7A74-4B50-8CDC-95F70E4D8340}"
EndProject
Project("{2150E333-8FDC-42A3-9474-1A3956D46DE8}") = "Catalog", "Catalog", "{8F0F25FF-6D07-46D2-A024-73879CB4BFA4}"
EndProject
Project("{2150E333-8FDC-42A3-9474-1A3956D46DE8}") = "Payment", "Payment", "{5EA1C9C2-01EF-4F71-842F-7A12F651994B}"
EndProject
Project("{2150E333-8FDC-42A3-9474-1A3956D46DE8}") = "Mvc", "Mvc", "{DB317B5E-BE22-45E6-9223-B41C975699A1}"
EndProject
Project("{9A19103F-16F7-4668-BE54-9A1E7A4F7556}") = "Core", "src\building blocks\Core\Core.csproj", "{2554B82E-72F8-4D33-9A41-9ADB5D84E04C}"
EndProject
Project("{9A19103F-16F7-4668-BE54-9A1E7A4F7556}") = "Basket.API", "src\services\Basket.API\Basket.API.csproj", "{678BDBDA-DBD7-4B51-97C1-C6F9B4739E57}"
EndProject
Project("{9A19103F-16F7-4668-BE54-9A1E7A4F7556}") = "Catalog.API", "src\services\Catalog.API\Catalog.API.csproj", "{7E2CC4E1-CAB4-418B-87BF-2C9230F3CFE5}"
EndProject
Project("{9A19103F-16F7-4668-BE54-9A1E7A4F7556}") = "Client.API", "src\services\Client.API\Client.API.csproj", "{5EE9DFED-A7DF-4D24-82E5-E161DB049578}"
EndProject
Project("{9A19103F-16F7-4668-BE54-9A1E7A4F7556}") = "Identity.API", "src\services\Identity.API\Identity.API.csproj", "{CB6AE714-69DB-4347-99CE-DCE388F750AC}"
EndProject
Project("{9A19103F-16F7-4668-BE54-9A1E7A4F7556}") = "Order.API", "src\services\Order.API\Order.API.csproj", "{296386C7-FD9D-4E2C-B556-C98CA49FD580}"
EndProject
Project("{9A19103F-16F7-4668-BE54-9A1E7A4F7556}") = "Payment.API", "src\services\Payment.API\Payment.API.csproj", "{68BA4DD4-A955-4A72-BABF-7B98A01A07A7}"
EndProject
Project("{9A19103F-16F7-4668-BE54-9A1E7A4F7556}") = "WebApp", "src\web\WebApp\WebApp.csproj", "{5267B063-97E8-4FBE-AF44-4AA5B657556E}"
EndProject
Global
	GlobalSection(SolutionConfigurationPlatforms) = preSolution
		Debug|Any CPU = Debug|Any CPU
		Release|Any CPU = Release|Any CPU
	EndGlobalSection
	GlobalSection(ProjectConfigurationPlatforms) = postSolution
		{2554B82E-72F8-4D33-9A41-9ADB5D84E04C}.Debug|Any CPU.ActiveCfg = Debug|Any CPU
		{2554B82E-72F8-4D33-9A41-9ADB5D84E04C}.Debug|Any CPU.Build.0 = Debug|Any CPU
		{2554B82E-72F8-4D33-9A41-9ADB5D84E04C}.Release|Any CPU.ActiveCfg = Release|Any CPU
		{2554B82E-72F8-4D33-9A41-9ADB5D84E04C}.Release|Any CPU.Build.0 = Release|Any CPU
		{678BDBDA-DBD7-4B51-97C1-C6F9B4739E57}.Debug|Any CPU.ActiveCfg = Debug|Any CPU
		{678BDBDA-DBD7-4B51-97C1-C6F9B4739E57}.Debug|Any CPU.Build.0 = Debug|Any CPU
		{678BDBDA-DBD7-4B51-97C1-C6F9B4739E57}.Release|Any CPU.ActiveCfg = Release|Any CPU
		{678BDBDA-DBD7-4B51-97C1-C6F9B4739E57}.Release|Any CPU.Build.0 = Release|Any CPU
		{7E2CC4E1-CAB4-418B-87BF-2C9230F3CFE5}.Debug|Any CPU.ActiveCfg = Debug|Any CPU
		{7E2CC4E1-CAB4-418B-87BF-2C9230F3CFE5}.Debug|Any CPU.Build.0 = Debug|Any CPU
		{7E2CC4E1-CAB4-418B-87BF-2C9230F3CFE5}.Release|Any CPU.ActiveCfg = Release|Any CPU
		{7E2CC4E1-CAB4-418B-87BF-2C9230F3CFE5}.Release|Any CPU.Build.0 = Release|Any CPU
		{5EE9DFED-A7DF-4D24-82E5-E161DB049578}.Debug|Any CPU.ActiveCfg = Debug|Any CPU
		{5EE9DFED-A7DF-4D24-82E5-E161DB049578}.Debug|Any CPU.Build.0 = Debug|Any CPU
		{5EE9DFED-A7DF-4D24-82E5-E161DB049578}.Release|Any CPU.ActiveCfg = Release|Any CPU
		{5EE9DFED-A7DF-4D24-82E5-E161DB049578}.Release|Any CPU.Build.0 = Release|Any CPU
		{CB6AE714-69DB-4347-99CE-DCE388F750AC}.Debug|Any CPU.ActiveCfg = Debug|Any CPU
		{CB6AE714-69DB-4347-99CE-DCE388F750AC}.Debug|Any CPU.Build.0 = Debug|Any CPU
		{CB6AE714-69DB-4347-99CE-DCE388F750AC}.Release|Any CPU.ActiveCfg = Release|Any CPU
		{CB6AE714-69DB-4347-99CE-DCE388F750AC}.Release|Any CPU.Build.0 = Release|Any CPU
		{296386C7-FD9D-4E2C-B556-C98CA49FD580}.Debug|Any CPU.ActiveCfg = Debug|Any CPU
		{296386C7-FD9D-4E2C-B556-C98CA49FD580}.Debug|Any CPU.Build.0 = Debug|Any CPU
		{296386C7-FD9D-4E2C-B556-C98CA49FD580}.Release|Any CPU.ActiveCfg = Release|Any CPU
		{296386C7-FD9D-4E2C-B556-C98CA49FD580}.Release|Any CPU.Build.0 = Release|Any CPU
		{68BA4DD4-A955-4A72-BABF-7B98A01A07A7}.Debug|Any CPU.ActiveCfg = Debug|Any CPU
		{68BA4DD4-A955-4A72-BABF-7B98A01A07A7}.Debug|Any CPU.Build.0 = Debug|Any CPU
		{68BA4DD4-A955-4A72-BABF-7B98A01A07A7}.Release|Any CPU.ActiveCfg = Release|Any CPU
		{68BA4DD4-A955-4A72-BABF-7B98A01A07A7}.Release|Any CPU.Build.0 = Release|Any CPU
		{5267B063-97E8-4FBE-AF44-4AA5B657556E}.Debug|Any CPU.ActiveCfg = Debug|Any CPU
		{5267B063-97E8-4FBE-AF44-4AA5B657556E}.Debug|Any CPU.Build.0 = Debug|Any CPU
		{5267B063-97E8-4FBE-AF44-4AA5B657556E}.Release|Any CPU.ActiveCfg = Release|Any CPU
		{5267B063-97E8-4FBE-AF44-4AA5B657556E}.Release|Any CPU.Build.0 = Release|Any CPU
	EndGlobalSection
	GlobalSection(SolutionProperties) = preSolution
		HideSolutionNode = FALSE
	EndGlobalSection
	GlobalSection(NestedProjects) = preSolution
		{1CAA1F20-BC4F-48FB-8744-5E8BF2CFFC04} = {02EA681E-C7D8-13C7-8484-4AC65E1B71E8}
		{756CF49B-AB9C-47B9-A146-D7C082A287B1} = {02EA681E-C7D8-13C7-8484-4AC65E1B71E8}
		{5685F795-3085-427C-BA5B-9BDFD52D82FB} = {02EA681E-C7D8-13C7-8484-4AC65E1B71E8}
		{45F048B4-E121-47A4-B183-A0E5AA00D178} = {1CAA1F20-BC4F-48FB-8744-5E8BF2CFFC04}
		{41105CD0-B6A7-4A5F-AB29-222228FFAD8B} = {756CF49B-AB9C-47B9-A146-D7C082A287B1}
		{DE2318F8-6C42-4A92-9907-ED092F60A8B3} = {756CF49B-AB9C-47B9-A146-D7C082A287B1}
		{DE2455A2-ACB6-4795-85DD-9D4C8E3ECEEC} = {756CF49B-AB9C-47B9-A146-D7C082A287B1}
		{6B2D5AEB-7A74-4B50-8CDC-95F70E4D8340} = {756CF49B-AB9C-47B9-A146-D7C082A287B1}
		{8F0F25FF-6D07-46D2-A024-73879CB4BFA4} = {756CF49B-AB9C-47B9-A146-D7C082A287B1}
		{5EA1C9C2-01EF-4F71-842F-7A12F651994B} = {756CF49B-AB9C-47B9-A146-D7C082A287B1}
		{DB317B5E-BE22-45E6-9223-B41C975699A1} = {5685F795-3085-427C-BA5B-9BDFD52D82FB}
		{2554B82E-72F8-4D33-9A41-9ADB5D84E04C} = {45F048B4-E121-47A4-B183-A0E5AA00D178}
		{678BDBDA-DBD7-4B51-97C1-C6F9B4739E57} = {DE2318F8-6C42-4A92-9907-ED092F60A8B3}
		{7E2CC4E1-CAB4-418B-87BF-2C9230F3CFE5} = {8F0F25FF-6D07-46D2-A024-73879CB4BFA4}
		{5EE9DFED-A7DF-4D24-82E5-E161DB049578} = {6B2D5AEB-7A74-4B50-8CDC-95F70E4D8340}
		{CB6AE714-69DB-4347-99CE-DCE388F750AC} = {41105CD0-B6A7-4A5F-AB29-222228FFAD8B}
		{296386C7-FD9D-4E2C-B556-C98CA49FD580} = {DE2455A2-ACB6-4795-85DD-9D4C8E3ECEEC}
		{68BA4DD4-A955-4A72-BABF-7B98A01A07A7} = {5EA1C9C2-01EF-4F71-842F-7A12F651994B}
		{5267B063-97E8-4FBE-AF44-4AA5B657556E} = {DB317B5E-BE22-45E6-9223-B41C975699A1}
	EndGlobalSection
	GlobalSection(ExtensibilityGlobals) = postSolution
		SolutionGuid = {FC15D830-ED96-484F-8FB8-F6340867177A}
	EndGlobalSection
EndGlobal
